
Microsoft Visual Studio Solution File, Format Version 12.00
# Visual Studio Version 17
VisualStudioVersion = 17.13.35919.96 d17.13
MinimumVisualStudioVersion = 10.0.40219.1
Project("{FAE04EC0-301F-11D3-BF4B-00C04F79EFBC}") = "Imdb.MoviesList", "Imdb.MoviesList\Imdb.MoviesList.csproj", "{755BA589-4732-4D72-894E-6013279059E9}"
EndProject
Project("{FAE04EC0-301F-11D3-BF4B-00C04F79EFBC}") = "LoggingLibrary", "..\LoggingLibrary\LoggingLibrary\LoggingLibrary.csproj", "{CF8E796E-861D-4714-353C-682E59C8E000}"
EndProject
Global
	GlobalSection(SolutionConfigurationPlatforms) = preSolution
		Debug|Any CPU = Debug|Any CPU
		Release|Any CPU = Release|Any CPU
	EndGlobalSection
	GlobalSection(ProjectConfigurationPlatforms) = postSolution
		{755BA589-4732-4D72-894E-6013279059E9}.Debug|Any CPU.ActiveCfg = Debug|Any CPU
		{755BA589-4732-4D72-894E-6013279059E9}.Debug|Any CPU.Build.0 = Debug|Any CPU
		{755BA589-4732-4D72-894E-6013279059E9}.Release|Any CPU.ActiveCfg = Release|Any CPU
		{755BA589-4732-4D72-894E-6013279059E9}.Release|Any CPU.Build.0 = Release|Any CPU
		{CF8E796E-861D-4714-353C-682E59C8E000}.Debug|Any CPU.ActiveCfg = Debug|Any CPU
		{CF8E796E-861D-4714-353C-682E59C8E000}.Debug|Any CPU.Build.0 = Debug|Any CPU
		{CF8E796E-861D-4714-353C-682E59C8E000}.Release|Any CPU.ActiveCfg = Release|Any CPU
		{CF8E796E-861D-4714-353C-682E59C8E000}.Release|Any CPU.Build.0 = Release|Any CPU
	EndGlobalSection
	GlobalSection(SolutionProperties) = preSolution
		HideSolutionNode = FALSE
	EndGlobalSection
	GlobalSection(ExtensibilityGlobals) = postSolution
		SolutionGuid = {F4BE05B9-41CF-4AA2-805D-5CC0E6BBCF0A}
	EndGlobalSection
EndGlobal
